// !$*UTF8*$!
{
	archiveVersion = 1;
	classes = {
	};
	objectVersion = 50;
	objects = {

/* Begin PBXBuildFile section */
		7B36E50D249D2BC500B7688F /* alignment-guides-tool.swift in Sources */ = {isa = PBXBuildFile; fileRef = 7B36E50C249D2BC500B7688F /* alignment-guides-tool.swift */; };
		7B36E50F249F4A6200B7688F /* SwiftUIViewC.swift in Sources */ = {isa = PBXBuildFile; fileRef = 7B36E50E249F4A6200B7688F /* SwiftUIViewC.swift */; };
		7B36E511249FB88F00B7688F /* SwiftUIViewH.swift in Sources */ = {isa = PBXBuildFile; fileRef = 7B36E510249FB88F00B7688F /* SwiftUIViewH.swift */; };
		7B36E51324A0868400B7688F /* SwiftUIViewJ.swift in Sources */ = {isa = PBXBuildFile; fileRef = 7B36E51224A0868400B7688F /* SwiftUIViewJ.swift */; };
		7B36E51524A0F1D800B7688F /* SwiftUIViewK.swift in Sources */ = {isa = PBXBuildFile; fileRef = 7B36E51424A0F1D800B7688F /* SwiftUIViewK.swift */; };
		7B36E51724A1EDAE00B7688F /* SwiftUIViewM.swift in Sources */ = {isa = PBXBuildFile; fileRef = 7B36E51624A1EDAE00B7688F /* SwiftUIViewM.swift */; };
		7B36E51924A1EEF000B7688F /* DNANightNanny.swift in Sources */ = {isa = PBXBuildFile; fileRef = 7B36E51824A1EEF000B7688F /* DNANightNanny.swift */; };
		7B36E51B24A1EF6F00B7688F /* Colors.swift in Sources */ = {isa = PBXBuildFile; fileRef = 7B36E51A24A1EF6F00B7688F /* Colors.swift */; };
		7B36E51D24A1F01000B7688F /* Icons.swift in Sources */ = {isa = PBXBuildFile; fileRef = 7B36E51C24A1F01000B7688F /* Icons.swift */; };
		7B36E51F24A2074600B7688F /* PieArcView.swift in Sources */ = {isa = PBXBuildFile; fileRef = 7B36E51E24A2074600B7688F /* PieArcView.swift */; };
		7B36E52124A209F100B7688F /* ConfigureButtonView.swift in Sources */ = {isa = PBXBuildFile; fileRef = 7B36E52024A209F100B7688F /* ConfigureButtonView.swift */; };
		7B36E52324A20DD100B7688F /* TimerButtonView.swift in Sources */ = {isa = PBXBuildFile; fileRef = 7B36E52224A20DD100B7688F /* TimerButtonView.swift */; };
		7B36E52524A23B4400B7688F /* NightNannyButton.swift in Sources */ = {isa = PBXBuildFile; fileRef = 7B36E52424A23B4400B7688F /* NightNannyButton.swift */; };
		7B36E52724A3347100B7688F /* ViewModels.swift in Sources */ = {isa = PBXBuildFile; fileRef = 7B36E52624A3347100B7688F /* ViewModels.swift */; };
		7B4F18DF24A48EE200815C8A /* SwiftUIViewN.swift in Sources */ = {isa = PBXBuildFile; fileRef = 7B4F18DE24A48EE200815C8A /* SwiftUIViewN.swift */; };
		7B79F693249AABC600C7A2B3 /* AppDelegate.swift in Sources */ = {isa = PBXBuildFile; fileRef = 7B79F692249AABC600C7A2B3 /* AppDelegate.swift */; };
		7B79F695249AABC600C7A2B3 /* SceneDelegate.swift in Sources */ = {isa = PBXBuildFile; fileRef = 7B79F694249AABC600C7A2B3 /* SceneDelegate.swift */; };
		7B79F697249AABC600C7A2B3 /* ContentView.swift in Sources */ = {isa = PBXBuildFile; fileRef = 7B79F696249AABC600C7A2B3 /* ContentView.swift */; };
		7B79F699249AABCC00C7A2B3 /* Assets.xcassets in Resources */ = {isa = PBXBuildFile; fileRef = 7B79F698249AABCC00C7A2B3 /* Assets.xcassets */; };
		7B79F69C249AABCC00C7A2B3 /* Preview Assets.xcassets in Resources */ = {isa = PBXBuildFile; fileRef = 7B79F69B249AABCC00C7A2B3 /* Preview Assets.xcassets */; };
		7B79F69F249AABCC00C7A2B3 /* LaunchScreen.storyboard in Resources */ = {isa = PBXBuildFile; fileRef = 7B79F69D249AABCC00C7A2B3 /* LaunchScreen.storyboard */; };
/* End PBXBuildFile section */

/* Begin PBXFileReference section */
		7B36E50C249D2BC500B7688F /* alignment-guides-tool.swift */ = {isa = PBXFileReference; fileEncoding = 4; lastKnownFileType = sourcecode.swift; path = "alignment-guides-tool.swift"; sourceTree = "<group>"; };
		7B36E50E249F4A6200B7688F /* SwiftUIViewC.swift */ = {isa = PBXFileReference; fileEncoding = 4; lastKnownFileType = sourcecode.swift; path = SwiftUIViewC.swift; sourceTree = "<group>"; };
		7B36E510249FB88F00B7688F /* SwiftUIViewH.swift */ = {isa = PBXFileReference; lastKnownFileType = sourcecode.swift; path = SwiftUIViewH.swift; sourceTree = "<group>"; };
		7B36E51224A0868400B7688F /* SwiftUIViewJ.swift */ = {isa = PBXFileReference; lastKnownFileType = sourcecode.swift; path = SwiftUIViewJ.swift; sourceTree = "<group>"; };
		7B36E51424A0F1D800B7688F /* SwiftUIViewK.swift */ = {isa = PBXFileReference; lastKnownFileType = sourcecode.swift; path = SwiftUIViewK.swift; sourceTree = "<group>"; };
		7B36E51624A1EDAE00B7688F /* SwiftUIViewM.swift */ = {isa = PBXFileReference; lastKnownFileType = sourcecode.swift; path = SwiftUIViewM.swift; sourceTree = "<group>"; };
		7B36E51824A1EEF000B7688F /* DNANightNanny.swift */ = {isa = PBXFileReference; lastKnownFileType = sourcecode.swift; path = DNANightNanny.swift; sourceTree = "<group>"; };
		7B36E51A24A1EF6F00B7688F /* Colors.swift */ = {isa = PBXFileReference; lastKnownFileType = sourcecode.swift; path = Colors.swift; sourceTree = "<group>"; };
		7B36E51C24A1F01000B7688F /* Icons.swift */ = {isa = PBXFileReference; lastKnownFileType = sourcecode.swift; path = Icons.swift; sourceTree = "<group>"; };
		7B36E51E24A2074600B7688F /* PieArcView.swift */ = {isa = PBXFileReference; lastKnownFileType = sourcecode.swift; path = PieArcView.swift; sourceTree = "<group>"; };
		7B36E52024A209F100B7688F /* ConfigureButtonView.swift */ = {isa = PBXFileReference; lastKnownFileType = sourcecode.swift; path = ConfigureButtonView.swift; sourceTree = "<group>"; };
		7B36E52224A20DD100B7688F /* TimerButtonView.swift */ = {isa = PBXFileReference; lastKnownFileType = sourcecode.swift; path = TimerButtonView.swift; sourceTree = "<group>"; };
		7B36E52424A23B4400B7688F /* NightNannyButton.swift */ = {isa = PBXFileReference; lastKnownFileType = sourcecode.swift; path = NightNannyButton.swift; sourceTree = "<group>"; };
		7B36E52624A3347100B7688F /* ViewModels.swift */ = {isa = PBXFileReference; lastKnownFileType = sourcecode.swift; path = ViewModels.swift; sourceTree = "<group>"; };
		7B4F18DE24A48EE200815C8A /* SwiftUIViewN.swift */ = {isa = PBXFileReference; lastKnownFileType = sourcecode.swift; path = SwiftUIViewN.swift; sourceTree = "<group>"; };
		7B79F68F249AABC600C7A2B3 /* LayoutDemo.app */ = {isa = PBXFileReference; explicitFileType = wrapper.application; includeInIndex = 0; path = LayoutDemo.app; sourceTree = BUILT_PRODUCTS_DIR; };
		7B79F692249AABC600C7A2B3 /* AppDelegate.swift */ = {isa = PBXFileReference; lastKnownFileType = sourcecode.swift; path = AppDelegate.swift; sourceTree = "<group>"; };
		7B79F694249AABC600C7A2B3 /* SceneDelegate.swift */ = {isa = PBXFileReference; lastKnownFileType = sourcecode.swift; path = SceneDelegate.swift; sourceTree = "<group>"; };
		7B79F696249AABC600C7A2B3 /* ContentView.swift */ = {isa = PBXFileReference; lastKnownFileType = sourcecode.swift; path = ContentView.swift; sourceTree = "<group>"; };
		7B79F698249AABCC00C7A2B3 /* Assets.xcassets */ = {isa = PBXFileReference; lastKnownFileType = folder.assetcatalog; path = Assets.xcassets; sourceTree = "<group>"; };
		7B79F69B249AABCC00C7A2B3 /* Preview Assets.xcassets */ = {isa = PBXFileReference; lastKnownFileType = folder.assetcatalog; path = "Preview Assets.xcassets"; sourceTree = "<group>"; };
		7B79F69E249AABCC00C7A2B3 /* Base */ = {isa = PBXFileReference; lastKnownFileType = file.storyboard; name = Base; path = Base.lproj/LaunchScreen.storyboard; sourceTree = "<group>"; };
		7B79F6A0249AABCC00C7A2B3 /* Info.plist */ = {isa = PBXFileReference; lastKnownFileType = text.plist.xml; path = Info.plist; sourceTree = "<group>"; };
/* End PBXFileReference section */

/* Begin PBXFrameworksBuildPhase section */
		7B79F68C249AABC600C7A2B3 /* Frameworks */ = {
			isa = PBXFrameworksBuildPhase;
			buildActionMask = 2147483647;
			files = (
			);
			runOnlyForDeploymentPostprocessing = 0;
		};
/* End PBXFrameworksBuildPhase section */

/* Begin PBXGroup section */
		7B79F686249AABC600C7A2B3 = {
			isa = PBXGroup;
			children = (
				7B79F691249AABC600C7A2B3 /* LayoutDemo */,
				7B79F690249AABC600C7A2B3 /* Products */,
			);
			sourceTree = "<group>";
		};
		7B79F690249AABC600C7A2B3 /* Products */ = {
			isa = PBXGroup;
			children = (
				7B79F68F249AABC600C7A2B3 /* LayoutDemo.app */,
			);
			name = Products;
			sourceTree = "<group>";
		};
		7B79F691249AABC600C7A2B3 /* LayoutDemo */ = {
			isa = PBXGroup;
			children = (
				7B79F692249AABC600C7A2B3 /* AppDelegate.swift */,
				7B79F694249AABC600C7A2B3 /* SceneDelegate.swift */,
				7B36E51A24A1EF6F00B7688F /* Colors.swift */,
				7B36E50C249D2BC500B7688F /* alignment-guides-tool.swift */,
				7B79F696249AABC600C7A2B3 /* ContentView.swift */,
				7B79F698249AABCC00C7A2B3 /* Assets.xcassets */,
				7B36E50E249F4A6200B7688F /* SwiftUIViewC.swift */,
				7B36E510249FB88F00B7688F /* SwiftUIViewH.swift */,
				7B36E51224A0868400B7688F /* SwiftUIViewJ.swift */,
				7B36E51424A0F1D800B7688F /* SwiftUIViewK.swift */,
				7B36E51624A1EDAE00B7688F /* SwiftUIViewM.swift */,
				7B4F18DE24A48EE200815C8A /* SwiftUIViewN.swift */,
				7B36E52624A3347100B7688F /* ViewModels.swift */,
				7B36E52424A23B4400B7688F /* NightNannyButton.swift */,
				7B36E52224A20DD100B7688F /* TimerButtonView.swift */,
				7B36E52024A209F100B7688F /* ConfigureButtonView.swift */,
				7B36E51E24A2074600B7688F /* PieArcView.swift */,
				7B36E51C24A1F01000B7688F /* Icons.swift */,
				7B36E51824A1EEF000B7688F /* DNANightNanny.swift */,
				7B79F69D249AABCC00C7A2B3 /* LaunchScreen.storyboard */,
				7B79F6A0249AABCC00C7A2B3 /* Info.plist */,
				7B79F69A249AABCC00C7A2B3 /* Preview Content */,
			);
			path = LayoutDemo;
			sourceTree = "<group>";
		};
		7B79F69A249AABCC00C7A2B3 /* Preview Content */ = {
			isa = PBXGroup;
			children = (
				7B79F69B249AABCC00C7A2B3 /* Preview Assets.xcassets */,
			);
			path = "Preview Content";
			sourceTree = "<group>";
		};
/* End PBXGroup section */

/* Begin PBXNativeTarget section */
		7B79F68E249AABC600C7A2B3 /* LayoutDemo */ = {
			isa = PBXNativeTarget;
			buildConfigurationList = 7B79F6A3249AABCC00C7A2B3 /* Build configuration list for PBXNativeTarget "LayoutDemo" */;
			buildPhases = (
				7B79F68B249AABC600C7A2B3 /* Sources */,
				7B79F68C249AABC600C7A2B3 /* Frameworks */,
				7B79F68D249AABC600C7A2B3 /* Resources */,
			);
			buildRules = (
			);
			dependencies = (
			);
			name = LayoutDemo;
			productName = LayoutDemo;
			productReference = 7B79F68F249AABC600C7A2B3 /* LayoutDemo.app */;
			productType = "com.apple.product-type.application";
		};
/* End PBXNativeTarget section */

/* Begin PBXProject section */
		7B79F687249AABC600C7A2B3 /* Project object */ = {
			isa = PBXProject;
			attributes = {
				LastSwiftUpdateCheck = 1150;
				LastUpgradeCheck = 1150;
				ORGANIZATIONNAME = "Mark Lucking";
				TargetAttributes = {
					7B79F68E249AABC600C7A2B3 = {
						CreatedOnToolsVersion = 11.5;
					};
				};
			};
			buildConfigurationList = 7B79F68A249AABC600C7A2B3 /* Build configuration list for PBXProject "LayoutDemo" */;
			compatibilityVersion = "Xcode 9.3";
			developmentRegion = en;
			hasScannedForEncodings = 0;
			knownRegions = (
				en,
				Base,
			);
			mainGroup = 7B79F686249AABC600C7A2B3;
			productRefGroup = 7B79F690249AABC600C7A2B3 /* Products */;
			projectDirPath = "";
			projectRoot = "";
			targets = (
				7B79F68E249AABC600C7A2B3 /* LayoutDemo */,
			);
		};
/* End PBXProject section */

/* Begin PBXResourcesBuildPhase section */
		7B79F68D249AABC600C7A2B3 /* Resources */ = {
			isa = PBXResourcesBuildPhase;
			buildActionMask = 2147483647;
			files = (
				7B79F69F249AABCC00C7A2B3 /* LaunchScreen.storyboard in Resources */,
				7B79F69C249AABCC00C7A2B3 /* Preview Assets.xcassets in Resources */,
				7B79F699249AABCC00C7A2B3 /* Assets.xcassets in Resources */,
			);
			runOnlyForDeploymentPostprocessing = 0;
		};
/* End PBXResourcesBuildPhase section */

/* Begin PBXSourcesBuildPhase section */
		7B79F68B249AABC600C7A2B3 /* Sources */ = {
			isa = PBXSourcesBuildPhase;
			buildActionMask = 2147483647;
			files = (
				7B79F693249AABC600C7A2B3 /* AppDelegate.swift in Sources */,
				7B36E51B24A1EF6F00B7688F /* Colors.swift in Sources */,
				7B36E52324A20DD100B7688F /* TimerButtonView.swift in Sources */,
				7B4F18DF24A48EE200815C8A /* SwiftUIViewN.swift in Sources */,
				7B36E51D24A1F01000B7688F /* Icons.swift in Sources */,
				7B36E511249FB88F00B7688F /* SwiftUIViewH.swift in Sources */,
				7B36E50F249F4A6200B7688F /* SwiftUIViewC.swift in Sources */,
				7B36E51924A1EEF000B7688F /* DNANightNanny.swift in Sources */,
				7B36E51724A1EDAE00B7688F /* SwiftUIViewM.swift in Sources */,
				7B36E52124A209F100B7688F /* ConfigureButtonView.swift in Sources */,
				7B36E51324A0868400B7688F /* SwiftUIViewJ.swift in Sources */,
				7B36E52724A3347100B7688F /* ViewModels.swift in Sources */,
				7B79F695249AABC600C7A2B3 /* SceneDelegate.swift in Sources */,
				7B36E52524A23B4400B7688F /* NightNannyButton.swift in Sources */,
				7B36E51F24A2074600B7688F /* PieArcView.swift in Sources */,
				7B36E50D249D2BC500B7688F /* alignment-guides-tool.swift in Sources */,
				7B36E51524A0F1D800B7688F /* SwiftUIViewK.swift in Sources */,
				7B79F697249AABC600C7A2B3 /* ContentView.swift in Sources */,
			);
			runOnlyForDeploymentPostprocessing = 0;
		};
/* End PBXSourcesBuildPhase section */

/* Begin PBXVariantGroup section */
		7B79F69D249AABCC00C7A2B3 /* LaunchScreen.storyboard */ = {
			isa = PBXVariantGroup;
			children = (
				7B79F69E249AABCC00C7A2B3 /* Base */,
			);
			name = LaunchScreen.storyboard;
			sourceTree = "<group>";
		};
/* End PBXVariantGroup section */

/* Begin XCBuildConfiguration section */
		7B79F6A1249AABCC00C7A2B3 /* Debug */ = {
			isa = XCBuildConfiguration;
			buildSettings = {
				ALWAYS_SEARCH_USER_PATHS = NO;
				CLANG_ANALYZER_NONNULL = YES;
				CLANG_ANALYZER_NUMBER_OBJECT_CONVERSION = YES_AGGRESSIVE;
				CLANG_CXX_LANGUAGE_STANDARD = "gnu++14";
				CLANG_CXX_LIBRARY = "libc++";
				CLANG_ENABLE_MODULES = YES;
				CLANG_ENABLE_OBJC_ARC = YES;
				CLANG_ENABLE_OBJC_WEAK = YES;
				CLANG_WARN_BLOCK_CAPTURE_AUTORELEASING = YES;
				CLANG_WARN_BOOL_CONVERSION = YES;
				CLANG_WARN_COMMA = YES;
				CLANG_WARN_CONSTANT_CONVERSION = YES;
				CLANG_WARN_DEPRECATED_OBJC_IMPLEMENTATIONS = YES;
				CLANG_WARN_DIRECT_OBJC_ISA_USAGE = YES_ERROR;
				CLANG_WARN_DOCUMENTATION_COMMENTS = YES;
				CLANG_WARN_EMPTY_BODY = YES;
				CLANG_WARN_ENUM_CONVERSION = YES;
				CLANG_WARN_INFINITE_RECURSION = YES;
				CLANG_WARN_INT_CONVERSION = YES;
				CLANG_WARN_NON_LITERAL_NULL_CONVERSION = YES;
				CLANG_WARN_OBJC_IMPLICIT_RETAIN_SELF = YES;
				CLANG_WARN_OBJC_LITERAL_CONVERSION = YES;
				CLANG_WARN_OBJC_ROOT_CLASS = YES_ERROR;
				CLANG_WARN_RANGE_LOOP_ANALYSIS = YES;
				CLANG_WARN_STRICT_PROTOTYPES = YES;
				CLANG_WARN_SUSPICIOUS_MOVE = YES;
				CLANG_WARN_UNGUARDED_AVAILABILITY = YES_AGGRESSIVE;
				CLANG_WARN_UNREACHABLE_CODE = YES;
				CLANG_WARN__DUPLICATE_METHOD_MATCH = YES;
				COPY_PHASE_STRIP = NO;
				DEBUG_INFORMATION_FORMAT = dwarf;
				ENABLE_STRICT_OBJC_MSGSEND = YES;
				ENABLE_TESTABILITY = YES;
				GCC_C_LANGUAGE_STANDARD = gnu11;
				GCC_DYNAMIC_NO_PIC = NO;
				GCC_NO_COMMON_BLOCKS = YES;
				GCC_OPTIMIZATION_LEVEL = 0;
				GCC_PREPROCESSOR_DEFINITIONS = (
					"DEBUG=1",
					"$(inherited)",
				);
				GCC_WARN_64_TO_32_BIT_CONVERSION = YES;
				GCC_WARN_ABOUT_RETURN_TYPE = YES_ERROR;
				GCC_WARN_UNDECLARED_SELECTOR = YES;
				GCC_WARN_UNINITIALIZED_AUTOS = YES_AGGRESSIVE;
				GCC_WARN_UNUSED_FUNCTION = YES;
				GCC_WARN_UNUSED_VARIABLE = YES;
				IPHONEOS_DEPLOYMENT_TARGET = 13.5;
				MTL_ENABLE_DEBUG_INFO = INCLUDE_SOURCE;
				MTL_FAST_MATH = YES;
				ONLY_ACTIVE_ARCH = YES;
				SDKROOT = iphoneos;
				SWIFT_ACTIVE_COMPILATION_CONDITIONS = DEBUG;
				SWIFT_OPTIMIZATION_LEVEL = "-Onone";
			};
			name = Debug;
		};
		7B79F6A2249AABCC00C7A2B3 /* Release */ = {
			isa = XCBuildConfiguration;
			buildSettings = {
				ALWAYS_SEARCH_USER_PATHS = NO;
				CLANG_ANALYZER_NONNULL = YES;
				CLANG_ANALYZER_NUMBER_OBJECT_CONVERSION = YES_AGGRESSIVE;
				CLANG_CXX_LANGUAGE_STANDARD = "gnu++14";
				CLANG_CXX_LIBRARY = "libc++";
				CLANG_ENABLE_MODULES = YES;
				CLANG_ENABLE_OBJC_ARC = YES;
				CLANG_ENABLE_OBJC_WEAK = YES;
				CLANG_WARN_BLOCK_CAPTURE_AUTORELEASING = YES;
				CLANG_WARN_BOOL_CONVERSION = YES;
				CLANG_WARN_COMMA = YES;
				CLANG_WARN_CONSTANT_CONVERSION = YES;
				CLANG_WARN_DEPRECATED_OBJC_IMPLEMENTATIONS = YES;
				CLANG_WARN_DIRECT_OBJC_ISA_USAGE = YES_ERROR;
				CLANG_WARN_DOCUMENTATION_COMMENTS = YES;
				CLANG_WARN_EMPTY_BODY = YES;
				CLANG_WARN_ENUM_CONVERSION = YES;
				CLANG_WARN_INFINITE_RECURSION = YES;
				CLANG_WARN_INT_CONVERSION = YES;
				CLANG_WARN_NON_LITERAL_NULL_CONVERSION = YES;
				CLANG_WARN_OBJC_IMPLICIT_RETAIN_SELF = YES;
				CLANG_WARN_OBJC_LITERAL_CONVERSION = YES;
				CLANG_WARN_OBJC_ROOT_CLASS = YES_ERROR;
				CLANG_WARN_RANGE_LOOP_ANALYSIS = YES;
				CLANG_WARN_STRICT_PROTOTYPES = YES;
				CLANG_WARN_SUSPICIOUS_MOVE = YES;
				CLANG_WARN_UNGUARDED_AVAILABILITY = YES_AGGRESSIVE;
				CLANG_WARN_UNREACHABLE_CODE = YES;
				CLANG_WARN__DUPLICATE_METHOD_MATCH = YES;
				COPY_PHASE_STRIP = NO;
				DEBUG_INFORMATION_FORMAT = "dwarf-with-dsym";
				ENABLE_NS_ASSERTIONS = NO;
				ENABLE_STRICT_OBJC_MSGSEND = YES;
				GCC_C_LANGUAGE_STANDARD = gnu11;
				GCC_NO_COMMON_BLOCKS = YES;
				GCC_WARN_64_TO_32_BIT_CONVERSION = YES;
				GCC_WARN_ABOUT_RETURN_TYPE = YES_ERROR;
				GCC_WARN_UNDECLARED_SELECTOR = YES;
				GCC_WARN_UNINITIALIZED_AUTOS = YES_AGGRESSIVE;
				GCC_WARN_UNUSED_FUNCTION = YES;
				GCC_WARN_UNUSED_VARIABLE = YES;
				IPHONEOS_DEPLOYMENT_TARGET = 13.5;
				MTL_ENABLE_DEBUG_INFO = NO;
				MTL_FAST_MATH = YES;
				SDKROOT = iphoneos;
				SWIFT_COMPILATION_MODE = wholemodule;
				SWIFT_OPTIMIZATION_LEVEL = "-O";
				VALIDATE_PRODUCT = YES;
			};
			name = Release;
		};
		7B79F6A4249AABCC00C7A2B3 /* Debug */ = {
			isa = XCBuildConfiguration;
			buildSettings = {
				ASSETCATALOG_COMPILER_APPICON_NAME = AppIcon;
				CODE_SIGN_STYLE = Automatic;
				DEVELOPMENT_ASSET_PATHS = "\"LayoutDemo/Preview Content\"";
				DEVELOPMENT_TEAM = CWGS87U262;
				ENABLE_PREVIEWS = YES;
				INFOPLIST_FILE = LayoutDemo/Info.plist;
				LD_RUNPATH_SEARCH_PATHS = (
					"$(inherited)",
					"@executable_path/Frameworks",
				);
				PRODUCT_BUNDLE_IDENTIFIER = ch.cqd.LayoutDemo;
				PRODUCT_NAME = "$(TARGET_NAME)";
				SWIFT_VERSION = 5.0;
				TARGETED_DEVICE_FAMILY = "1,2";
			};
			name = Debug;
		};
		7B79F6A5249AABCC00C7A2B3 /* Release */ = {
			isa = XCBuildConfiguration;
			buildSettings = {
				ASSETCATALOG_COMPILER_APPICON_NAME = AppIcon;
				CODE_SIGN_STYLE = Automatic;
				DEVELOPMENT_ASSET_PATHS = "\"LayoutDemo/Preview Content\"";
				DEVELOPMENT_TEAM = CWGS87U262;
				ENABLE_PREVIEWS = YES;
				INFOPLIST_FILE = LayoutDemo/Info.plist;
				LD_RUNPATH_SEARCH_PATHS = (
					"$(inherited)",
					"@executable_path/Frameworks",
				);
				PRODUCT_BUNDLE_IDENTIFIER = ch.cqd.LayoutDemo;
				PRODUCT_NAME = "$(TARGET_NAME)";
				SWIFT_VERSION = 5.0;
				TARGETED_DEVICE_FAMILY = "1,2";
			};
			name = Release;
		};
/* End XCBuildConfiguration section */

/* Begin XCConfigurationList section */
		7B79F68A249AABC600C7A2B3 /* Build configuration list for PBXProject "LayoutDemo" */ = {
			isa = XCConfigurationList;
			buildConfigurations = (
				7B79F6A1249AABCC00C7A2B3 /* Debug */,
				7B79F6A2249AABCC00C7A2B3 /* Release */,
			);
			defaultConfigurationIsVisible = 0;
			defaultConfigurationName = Release;
		};
		7B79F6A3249AABCC00C7A2B3 /* Build configuration list for PBXNativeTarget "LayoutDemo" */ = {
			isa = XCConfigurationList;
			buildConfigurations = (
				7B79F6A4249AABCC00C7A2B3 /* Debug */,
				7B79F6A5249AABCC00C7A2B3 /* Release */,
			);
			defaultConfigurationIsVisible = 0;
			defaultConfigurationName = Release;
		};
/* End XCConfigurationList section */
	};
	rootObject = 7B79F687249AABC600C7A2B3 /* Project object */;
}
